
Microsoft Visual Studio Solution File, Format Version 12.00
# Visual Studio 2013
VisualStudioVersion = 12.0.31101.0
MinimumVisualStudioVersion = 10.0.40219.1
Project("{FAE04EC0-301F-11D3-BF4B-00C04F79EFBC}") = "P2pProxy_win", "TTVProxy_win\P2pProxy_win.csproj", "{804886F1-772C-42B4-8A08-B8F5BA58FC5B}"
	ProjectSection(ProjectDependencies) = postProject
		{40EBCB0D-A65E-44D2-BE33-029E6AC11BB0} = {40EBCB0D-A65E-44D2-BE33-029E6AC11BB0}
		{47E26D23-BA77-4C7B-9070-3E37DA255C1A} = {47E26D23-BA77-4C7B-9070-3E37DA255C1A}
		{75DCFE2F-5C46-4E1B-B1A6-A57DC08090C5} = {75DCFE2F-5C46-4E1B-B1A6-A57DC08090C5}
		{F72F8A65-5BD8-492E-88CA-F97F84A52A9F} = {F72F8A65-5BD8-492E-88CA-F97F84A52A9F}
		{3830D87C-ABD3-41EC-AD5C-22E068E50C44} = {3830D87C-ABD3-41EC-AD5C-22E068E50C44}
		{3FAC3EA4-16DC-49FD-A864-46C3E0D67754} = {3FAC3EA4-16DC-49FD-A864-46C3E0D67754}
	EndProjectSection
EndProject
Project("{FAE04EC0-301F-11D3-BF4B-00C04F79EFBC}") = "P2pProxy", "TTVProxy\P2pProxy.csproj", "{3D97BCCE-5021-4038-BEAA-56549798FC01}"
EndProject
Project("{FAE04EC0-301F-11D3-BF4B-00C04F79EFBC}") = "PluginProxy", "IPluginProxy\PluginProxy.csproj", "{FD12C708-3180-42E9-9503-E84806EC1AD3}"
EndProject
Project("{FAE04EC0-301F-11D3-BF4B-00C04F79EFBC}") = "gui", "gui\gui.csproj", "{4D17489E-0AF4-4222-BFF3-44D4C23AB9D1}"
EndProject
Project("{FAE04EC0-301F-11D3-BF4B-00C04F79EFBC}") = "P2pProxy_console", "TTVProxy_console\P2pProxy_console.csproj", "{3FAC3EA4-16DC-49FD-A864-46C3E0D67754}"
EndProject
Project("{FAE04EC0-301F-11D3-BF4B-00C04F79EFBC}") = "SimpleLogger", "SimpleLogger\SimpleLogger.csproj", "{E3A56DB5-CB6A-42B1-BBA7-BECD2BA4A879}"
EndProject
Project("{FAE04EC0-301F-11D3-BF4B-00C04F79EFBC}") = "PluginFavourites", "PluginFavourites\PluginFavourites.csproj", "{75DCFE2F-5C46-4E1B-B1A6-A57DC08090C5}"
EndProject
Project("{FAE04EC0-301F-11D3-BF4B-00C04F79EFBC}") = "xbmc.pvr", "xbmc.pvr\xbmc.pvr.csproj", "{3830D87C-ABD3-41EC-AD5C-22E068E50C44}"
EndProject
Project("{FAE04EC0-301F-11D3-BF4B-00C04F79EFBC}") = "SavePlaylist", "SavePlaylist\SavePlaylist.csproj", "{40EBCB0D-A65E-44D2-BE33-029E6AC11BB0}"
EndProject
Project("{FAE04EC0-301F-11D3-BF4B-00C04F79EFBC}") = "TorrentTelik", "TorrentTelik\TorrentTelik.csproj", "{F72F8A65-5BD8-492E-88CA-F97F84A52A9F}"
EndProject
Project("{FAE04EC0-301F-11D3-BF4B-00C04F79EFBC}") = "TTVApi", "..\TTVApi\TTVApi.csproj", "{8F0B4BE7-057D-4D5F-995C-7DB66696C66E}"
EndProject
Project("{FAE04EC0-301F-11D3-BF4B-00C04F79EFBC}") = "UnrestrictedContents", "UnrestrictedContents\UnrestrictedContents.csproj", "{47E26D23-BA77-4C7B-9070-3E37DA255C1A}"
EndProject
Project("{FAE04EC0-301F-11D3-BF4B-00C04F79EFBC}") = "ConsolidatedPlaylist", "ConsolidatedPlaylist\ConsolidatedPlaylist.csproj", "{7CE1E383-22CA-4C61-A125-C5B13DE66434}"
EndProject
Project("{FAE04EC0-301F-11D3-BF4B-00C04F79EFBC}") = "IPTV", "IPTV\IPTV.csproj", "{B1D10401-C6B8-4DBC-BCDB-3C96F3B92F4A}"
EndProject
Global
	GlobalSection(SolutionConfigurationPlatforms) = preSolution
		Debug|Any CPU = Debug|Any CPU
		Release|Any CPU = Release|Any CPU
	EndGlobalSection
	GlobalSection(ProjectConfigurationPlatforms) = postSolution
		{804886F1-772C-42B4-8A08-B8F5BA58FC5B}.Debug|Any CPU.ActiveCfg = Debug|Any CPU
		{804886F1-772C-42B4-8A08-B8F5BA58FC5B}.Debug|Any CPU.Build.0 = Debug|Any CPU
		{804886F1-772C-42B4-8A08-B8F5BA58FC5B}.Release|Any CPU.ActiveCfg = Release|Any CPU
		{804886F1-772C-42B4-8A08-B8F5BA58FC5B}.Release|Any CPU.Build.0 = Release|Any CPU
		{3D97BCCE-5021-4038-BEAA-56549798FC01}.Debug|Any CPU.ActiveCfg = Debug|Any CPU
		{3D97BCCE-5021-4038-BEAA-56549798FC01}.Debug|Any CPU.Build.0 = Debug|Any CPU
		{3D97BCCE-5021-4038-BEAA-56549798FC01}.Release|Any CPU.ActiveCfg = Release|Any CPU
		{3D97BCCE-5021-4038-BEAA-56549798FC01}.Release|Any CPU.Build.0 = Release|Any CPU
		{FD12C708-3180-42E9-9503-E84806EC1AD3}.Debug|Any CPU.ActiveCfg = Debug|Any CPU
		{FD12C708-3180-42E9-9503-E84806EC1AD3}.Debug|Any CPU.Build.0 = Debug|Any CPU
		{FD12C708-3180-42E9-9503-E84806EC1AD3}.Release|Any CPU.ActiveCfg = Release|Any CPU
		{FD12C708-3180-42E9-9503-E84806EC1AD3}.Release|Any CPU.Build.0 = Release|Any CPU
		{4D17489E-0AF4-4222-BFF3-44D4C23AB9D1}.Debug|Any CPU.ActiveCfg = Debug|Any CPU
		{4D17489E-0AF4-4222-BFF3-44D4C23AB9D1}.Debug|Any CPU.Build.0 = Debug|Any CPU
		{4D17489E-0AF4-4222-BFF3-44D4C23AB9D1}.Release|Any CPU.ActiveCfg = Release|Any CPU
		{4D17489E-0AF4-4222-BFF3-44D4C23AB9D1}.Release|Any CPU.Build.0 = Release|Any CPU
		{3FAC3EA4-16DC-49FD-A864-46C3E0D67754}.Debug|Any CPU.ActiveCfg = Debug|Any CPU
		{3FAC3EA4-16DC-49FD-A864-46C3E0D67754}.Debug|Any CPU.Build.0 = Debug|Any CPU
		{3FAC3EA4-16DC-49FD-A864-46C3E0D67754}.Release|Any CPU.ActiveCfg = Release|Any CPU
		{3FAC3EA4-16DC-49FD-A864-46C3E0D67754}.Release|Any CPU.Build.0 = Release|Any CPU
		{E3A56DB5-CB6A-42B1-BBA7-BECD2BA4A879}.Debug|Any CPU.ActiveCfg = Debug|Any CPU
		{E3A56DB5-CB6A-42B1-BBA7-BECD2BA4A879}.Debug|Any CPU.Build.0 = Debug|Any CPU
		{E3A56DB5-CB6A-42B1-BBA7-BECD2BA4A879}.Release|Any CPU.ActiveCfg = Release|Any CPU
		{E3A56DB5-CB6A-42B1-BBA7-BECD2BA4A879}.Release|Any CPU.Build.0 = Release|Any CPU
		{75DCFE2F-5C46-4E1B-B1A6-A57DC08090C5}.Debug|Any CPU.ActiveCfg = Debug|Any CPU
		{75DCFE2F-5C46-4E1B-B1A6-A57DC08090C5}.Debug|Any CPU.Build.0 = Debug|Any CPU
		{75DCFE2F-5C46-4E1B-B1A6-A57DC08090C5}.Release|Any CPU.ActiveCfg = Release|Any CPU
		{75DCFE2F-5C46-4E1B-B1A6-A57DC08090C5}.Release|Any CPU.Build.0 = Release|Any CPU
		{3830D87C-ABD3-41EC-AD5C-22E068E50C44}.Debug|Any CPU.ActiveCfg = Debug|Any CPU
		{3830D87C-ABD3-41EC-AD5C-22E068E50C44}.Debug|Any CPU.Build.0 = Debug|Any CPU
		{3830D87C-ABD3-41EC-AD5C-22E068E50C44}.Release|Any CPU.ActiveCfg = Release|Any CPU
		{3830D87C-ABD3-41EC-AD5C-22E068E50C44}.Release|Any CPU.Build.0 = Release|Any CPU
		{40EBCB0D-A65E-44D2-BE33-029E6AC11BB0}.Debug|Any CPU.ActiveCfg = Debug|Any CPU
		{40EBCB0D-A65E-44D2-BE33-029E6AC11BB0}.Debug|Any CPU.Build.0 = Debug|Any CPU
		{40EBCB0D-A65E-44D2-BE33-029E6AC11BB0}.Release|Any CPU.ActiveCfg = Release|Any CPU
		{40EBCB0D-A65E-44D2-BE33-029E6AC11BB0}.Release|Any CPU.Build.0 = Release|Any CPU
		{F72F8A65-5BD8-492E-88CA-F97F84A52A9F}.Debug|Any CPU.ActiveCfg = Debug|Any CPU
		{F72F8A65-5BD8-492E-88CA-F97F84A52A9F}.Debug|Any CPU.Build.0 = Debug|Any CPU
		{F72F8A65-5BD8-492E-88CA-F97F84A52A9F}.Release|Any CPU.ActiveCfg = Release|Any CPU
		{F72F8A65-5BD8-492E-88CA-F97F84A52A9F}.Release|Any CPU.Build.0 = Release|Any CPU
		{8F0B4BE7-057D-4D5F-995C-7DB66696C66E}.Debug|Any CPU.ActiveCfg = Debug|Any CPU
		{8F0B4BE7-057D-4D5F-995C-7DB66696C66E}.Debug|Any CPU.Build.0 = Debug|Any CPU
		{8F0B4BE7-057D-4D5F-995C-7DB66696C66E}.Release|Any CPU.ActiveCfg = Release|Any CPU
		{8F0B4BE7-057D-4D5F-995C-7DB66696C66E}.Release|Any CPU.Build.0 = Release|Any CPU
		{47E26D23-BA77-4C7B-9070-3E37DA255C1A}.Debug|Any CPU.ActiveCfg = Debug|Any CPU
		{47E26D23-BA77-4C7B-9070-3E37DA255C1A}.Debug|Any CPU.Build.0 = Debug|Any CPU
		{47E26D23-BA77-4C7B-9070-3E37DA255C1A}.Release|Any CPU.ActiveCfg = Release|Any CPU
		{47E26D23-BA77-4C7B-9070-3E37DA255C1A}.Release|Any CPU.Build.0 = Release|Any CPU
		{7CE1E383-22CA-4C61-A125-C5B13DE66434}.Debug|Any CPU.ActiveCfg = Debug|Any CPU
		{7CE1E383-22CA-4C61-A125-C5B13DE66434}.Debug|Any CPU.Build.0 = Debug|Any CPU
		{7CE1E383-22CA-4C61-A125-C5B13DE66434}.Release|Any CPU.ActiveCfg = Release|Any CPU
		{7CE1E383-22CA-4C61-A125-C5B13DE66434}.Release|Any CPU.Build.0 = Release|Any CPU
		{B1D10401-C6B8-4DBC-BCDB-3C96F3B92F4A}.Debug|Any CPU.ActiveCfg = Debug|Any CPU
		{B1D10401-C6B8-4DBC-BCDB-3C96F3B92F4A}.Debug|Any CPU.Build.0 = Debug|Any CPU
		{B1D10401-C6B8-4DBC-BCDB-3C96F3B92F4A}.Release|Any CPU.ActiveCfg = Release|Any CPU
		{B1D10401-C6B8-4DBC-BCDB-3C96F3B92F4A}.Release|Any CPU.Build.0 = Release|Any CPU
	EndGlobalSection
	GlobalSection(SolutionProperties) = preSolution
		HideSolutionNode = FALSE
	EndGlobalSection
EndGlobal
